
Microsoft Visual Studio Solution File, Format Version 12.00
# Visual Studio Version 17
VisualStudioVersion = 17.0.31903.59
MinimumVisualStudioVersion = 10.0.40219.1
Project("{2150E333-8FDC-42A3-9474-1A3956D46DE8}") = "src", "src", "{827E0CD3-B72D-47B6-A68D-7590B98EB39B}"
EndProject
Project("{FAE04EC0-301F-11D3-BF4B-00C04F79EFBC}") = "SampleSystemDesign.ScalingReads", "src\SampleSystemDesign.ScalingReads\SampleSystemDesign.ScalingReads.csproj", "{5D5B29B5-5C3D-4E11-A516-104BB0C875C7}"
EndProject
Project("{2150E333-8FDC-42A3-9474-1A3956D46DE8}") = "test", "test", "{0C88DD14-F956-CE84-757C-A364CCF449FC}"
EndProject
Project("{FAE04EC0-301F-11D3-BF4B-00C04F79EFBC}") = "SampleSystemDesign.ScalingReads.Tests", "test\SampleSystemDesign.ScalingReads.Tests\SampleSystemDesign.ScalingReads.Tests.csproj", "{62B145AE-8848-4C96-84EA-41C82D1FF6BB}"
EndProject
Project("{FAE04EC0-301F-11D3-BF4B-00C04F79EFBC}") = "SampleSystemDesign.ScalingWrites", "src\SampleSystemDesign.ScalingWrites\SampleSystemDesign.ScalingWrites.csproj", "{709AF872-6E69-4710-B9AB-B92FE838A0A7}"
EndProject
Project("{FAE04EC0-301F-11D3-BF4B-00C04F79EFBC}") = "SampleSystemDesign.ScalingWrites.Tests", "test\SampleSystemDesign.ScalingWrites.Tests\SampleSystemDesign.ScalingWrites.Tests.csproj", "{3BBB7FC8-C8AE-4C47-AB48-C7CEA0979F74}"
EndProject
Project("{FAE04EC0-301F-11D3-BF4B-00C04F79EFBC}") = "SampleSystemDesign.LongRunning", "src\SampleSystemDesign.LongRunning\SampleSystemDesign.LongRunning.csproj", "{F4E1E2CF-80AD-41C7-AA86-74164EDBA150}"
EndProject
Project("{FAE04EC0-301F-11D3-BF4B-00C04F79EFBC}") = "SampleSystemDesign.LongRunning.Tests", "test\SampleSystemDesign.LongRunning.Tests\SampleSystemDesign.LongRunning.Tests.csproj", "{CDC98231-28F5-4E03-AB7F-A991E5FDB63D}"
EndProject
Project("{FAE04EC0-301F-11D3-BF4B-00C04F79EFBC}") = "SampleSystemDesign.RealTime", "src\SampleSystemDesign.RealTime\SampleSystemDesign.RealTime.csproj", "{B6F094B1-9E62-45FF-8CC5-DDEDE25FEA1E}"
EndProject
Project("{FAE04EC0-301F-11D3-BF4B-00C04F79EFBC}") = "SampleSystemDesign.RealTime.Tests", "test\SampleSystemDesign.RealTime.Tests\SampleSystemDesign.RealTime.Tests.csproj", "{6914A52D-E50C-4A8E-9D09-02771223B2C1}"
EndProject
Project("{FAE04EC0-301F-11D3-BF4B-00C04F79EFBC}") = "SampleSystemDesign.LargeFiles", "src\SampleSystemDesign.LargeFiles\SampleSystemDesign.LargeFiles.csproj", "{413030BA-B4E3-4544-B12F-74D6F0B384EB}"
EndProject
Project("{FAE04EC0-301F-11D3-BF4B-00C04F79EFBC}") = "SampleSystemDesign.LargeFiles.Tests", "test\SampleSystemDesign.LargeFiles.Tests\SampleSystemDesign.LargeFiles.Tests.csproj", "{8DE36967-3EFD-4E96-BF38-8219F06D18E3}"
EndProject
Project("{FAE04EC0-301F-11D3-BF4B-00C04F79EFBC}") = "SampleSystemDesign.Contention", "src\SampleSystemDesign.Contention\SampleSystemDesign.Contention.csproj", "{E447EB65-87FE-4587-9BD4-D1ACE6E2C856}"
EndProject
Project("{FAE04EC0-301F-11D3-BF4B-00C04F79EFBC}") = "SampleSystemDesign.Contention.Tests", "test\SampleSystemDesign.Contention.Tests\SampleSystemDesign.Contention.Tests.csproj", "{C3309CD4-E3CE-44FF-85A7-B5811684AB6B}"
EndProject
Project("{FAE04EC0-301F-11D3-BF4B-00C04F79EFBC}") = "SampleSystemDesign.MultiStep", "src\SampleSystemDesign.MultiStep\SampleSystemDesign.MultiStep.csproj", "{7A7B4F97-7B0B-4D54-B22B-70ECBDEDAE62}"
EndProject
Project("{FAE04EC0-301F-11D3-BF4B-00C04F79EFBC}") = "SampleSystemDesign.MultiStep.Tests", "test\SampleSystemDesign.MultiStep.Tests\SampleSystemDesign.MultiStep.Tests.csproj", "{27FFDB4B-F322-4C2C-9ECA-EE04239CDF12}"
EndProject
Global
	GlobalSection(SolutionConfigurationPlatforms) = preSolution
		Debug|Any CPU = Debug|Any CPU
		Debug|x64 = Debug|x64
		Debug|x86 = Debug|x86
		Release|Any CPU = Release|Any CPU
		Release|x64 = Release|x64
		Release|x86 = Release|x86
	EndGlobalSection
	GlobalSection(ProjectConfigurationPlatforms) = postSolution
		{5D5B29B5-5C3D-4E11-A516-104BB0C875C7}.Debug|Any CPU.ActiveCfg = Debug|Any CPU
		{5D5B29B5-5C3D-4E11-A516-104BB0C875C7}.Debug|Any CPU.Build.0 = Debug|Any CPU
		{5D5B29B5-5C3D-4E11-A516-104BB0C875C7}.Debug|x64.ActiveCfg = Debug|Any CPU
		{5D5B29B5-5C3D-4E11-A516-104BB0C875C7}.Debug|x64.Build.0 = Debug|Any CPU
		{5D5B29B5-5C3D-4E11-A516-104BB0C875C7}.Debug|x86.ActiveCfg = Debug|Any CPU
		{5D5B29B5-5C3D-4E11-A516-104BB0C875C7}.Debug|x86.Build.0 = Debug|Any CPU
		{5D5B29B5-5C3D-4E11-A516-104BB0C875C7}.Release|Any CPU.ActiveCfg = Release|Any CPU
		{5D5B29B5-5C3D-4E11-A516-104BB0C875C7}.Release|Any CPU.Build.0 = Release|Any CPU
		{5D5B29B5-5C3D-4E11-A516-104BB0C875C7}.Release|x64.ActiveCfg = Release|Any CPU
		{5D5B29B5-5C3D-4E11-A516-104BB0C875C7}.Release|x64.Build.0 = Release|Any CPU
		{5D5B29B5-5C3D-4E11-A516-104BB0C875C7}.Release|x86.ActiveCfg = Release|Any CPU
		{5D5B29B5-5C3D-4E11-A516-104BB0C875C7}.Release|x86.Build.0 = Release|Any CPU
		{62B145AE-8848-4C96-84EA-41C82D1FF6BB}.Debug|Any CPU.ActiveCfg = Debug|Any CPU
		{62B145AE-8848-4C96-84EA-41C82D1FF6BB}.Debug|Any CPU.Build.0 = Debug|Any CPU
		{62B145AE-8848-4C96-84EA-41C82D1FF6BB}.Debug|x64.ActiveCfg = Debug|Any CPU
		{62B145AE-8848-4C96-84EA-41C82D1FF6BB}.Debug|x64.Build.0 = Debug|Any CPU
		{62B145AE-8848-4C96-84EA-41C82D1FF6BB}.Debug|x86.ActiveCfg = Debug|Any CPU
		{62B145AE-8848-4C96-84EA-41C82D1FF6BB}.Debug|x86.Build.0 = Debug|Any CPU
		{62B145AE-8848-4C96-84EA-41C82D1FF6BB}.Release|Any CPU.ActiveCfg = Release|Any CPU
		{62B145AE-8848-4C96-84EA-41C82D1FF6BB}.Release|Any CPU.Build.0 = Release|Any CPU
		{62B145AE-8848-4C96-84EA-41C82D1FF6BB}.Release|x64.ActiveCfg = Release|Any CPU
		{62B145AE-8848-4C96-84EA-41C82D1FF6BB}.Release|x64.Build.0 = Release|Any CPU
		{62B145AE-8848-4C96-84EA-41C82D1FF6BB}.Release|x86.ActiveCfg = Release|Any CPU
		{62B145AE-8848-4C96-84EA-41C82D1FF6BB}.Release|x86.Build.0 = Release|Any CPU
		{709AF872-6E69-4710-B9AB-B92FE838A0A7}.Debug|Any CPU.ActiveCfg = Debug|Any CPU
		{709AF872-6E69-4710-B9AB-B92FE838A0A7}.Debug|Any CPU.Build.0 = Debug|Any CPU
		{709AF872-6E69-4710-B9AB-B92FE838A0A7}.Debug|x64.ActiveCfg = Debug|Any CPU
		{709AF872-6E69-4710-B9AB-B92FE838A0A7}.Debug|x64.Build.0 = Debug|Any CPU
		{709AF872-6E69-4710-B9AB-B92FE838A0A7}.Debug|x86.ActiveCfg = Debug|Any CPU
		{709AF872-6E69-4710-B9AB-B92FE838A0A7}.Debug|x86.Build.0 = Debug|Any CPU
		{709AF872-6E69-4710-B9AB-B92FE838A0A7}.Release|Any CPU.ActiveCfg = Release|Any CPU
		{709AF872-6E69-4710-B9AB-B92FE838A0A7}.Release|Any CPU.Build.0 = Release|Any CPU
		{709AF872-6E69-4710-B9AB-B92FE838A0A7}.Release|x64.ActiveCfg = Release|Any CPU
		{709AF872-6E69-4710-B9AB-B92FE838A0A7}.Release|x64.Build.0 = Release|Any CPU
		{709AF872-6E69-4710-B9AB-B92FE838A0A7}.Release|x86.ActiveCfg = Release|Any CPU
		{709AF872-6E69-4710-B9AB-B92FE838A0A7}.Release|x86.Build.0 = Release|Any CPU
		{3BBB7FC8-C8AE-4C47-AB48-C7CEA0979F74}.Debug|Any CPU.ActiveCfg = Debug|Any CPU
		{3BBB7FC8-C8AE-4C47-AB48-C7CEA0979F74}.Debug|Any CPU.Build.0 = Debug|Any CPU
		{3BBB7FC8-C8AE-4C47-AB48-C7CEA0979F74}.Debug|x64.ActiveCfg = Debug|Any CPU
		{3BBB7FC8-C8AE-4C47-AB48-C7CEA0979F74}.Debug|x64.Build.0 = Debug|Any CPU
		{3BBB7FC8-C8AE-4C47-AB48-C7CEA0979F74}.Debug|x86.ActiveCfg = Debug|Any CPU
		{3BBB7FC8-C8AE-4C47-AB48-C7CEA0979F74}.Debug|x86.Build.0 = Debug|Any CPU
		{3BBB7FC8-C8AE-4C47-AB48-C7CEA0979F74}.Release|Any CPU.ActiveCfg = Release|Any CPU
		{3BBB7FC8-C8AE-4C47-AB48-C7CEA0979F74}.Release|Any CPU.Build.0 = Release|Any CPU
		{3BBB7FC8-C8AE-4C47-AB48-C7CEA0979F74}.Release|x64.ActiveCfg = Release|Any CPU
		{3BBB7FC8-C8AE-4C47-AB48-C7CEA0979F74}.Release|x64.Build.0 = Release|Any CPU
		{3BBB7FC8-C8AE-4C47-AB48-C7CEA0979F74}.Release|x86.ActiveCfg = Release|Any CPU
		{3BBB7FC8-C8AE-4C47-AB48-C7CEA0979F74}.Release|x86.Build.0 = Release|Any CPU
		{F4E1E2CF-80AD-41C7-AA86-74164EDBA150}.Debug|Any CPU.ActiveCfg = Debug|Any CPU
		{F4E1E2CF-80AD-41C7-AA86-74164EDBA150}.Debug|Any CPU.Build.0 = Debug|Any CPU
		{F4E1E2CF-80AD-41C7-AA86-74164EDBA150}.Debug|x64.ActiveCfg = Debug|Any CPU
		{F4E1E2CF-80AD-41C7-AA86-74164EDBA150}.Debug|x64.Build.0 = Debug|Any CPU
		{F4E1E2CF-80AD-41C7-AA86-74164EDBA150}.Debug|x86.ActiveCfg = Debug|Any CPU
		{F4E1E2CF-80AD-41C7-AA86-74164EDBA150}.Debug|x86.Build.0 = Debug|Any CPU
		{F4E1E2CF-80AD-41C7-AA86-74164EDBA150}.Release|Any CPU.ActiveCfg = Release|Any CPU
		{F4E1E2CF-80AD-41C7-AA86-74164EDBA150}.Release|Any CPU.Build.0 = Release|Any CPU
		{F4E1E2CF-80AD-41C7-AA86-74164EDBA150}.Release|x64.ActiveCfg = Release|Any CPU
		{F4E1E2CF-80AD-41C7-AA86-74164EDBA150}.Release|x64.Build.0 = Release|Any CPU
		{F4E1E2CF-80AD-41C7-AA86-74164EDBA150}.Release|x86.ActiveCfg = Release|Any CPU
		{F4E1E2CF-80AD-41C7-AA86-74164EDBA150}.Release|x86.Build.0 = Release|Any CPU
		{CDC98231-28F5-4E03-AB7F-A991E5FDB63D}.Debug|Any CPU.ActiveCfg = Debug|Any CPU
		{CDC98231-28F5-4E03-AB7F-A991E5FDB63D}.Debug|Any CPU.Build.0 = Debug|Any CPU
		{CDC98231-28F5-4E03-AB7F-A991E5FDB63D}.Debug|x64.ActiveCfg = Debug|Any CPU
		{CDC98231-28F5-4E03-AB7F-A991E5FDB63D}.Debug|x64.Build.0 = Debug|Any CPU
		{CDC98231-28F5-4E03-AB7F-A991E5FDB63D}.Debug|x86.ActiveCfg = Debug|Any CPU
		{CDC98231-28F5-4E03-AB7F-A991E5FDB63D}.Debug|x86.Build.0 = Debug|Any CPU
		{CDC98231-28F5-4E03-AB7F-A991E5FDB63D}.Release|Any CPU.ActiveCfg = Release|Any CPU
		{CDC98231-28F5-4E03-AB7F-A991E5FDB63D}.Release|Any CPU.Build.0 = Release|Any CPU
		{CDC98231-28F5-4E03-AB7F-A991E5FDB63D}.Release|x64.ActiveCfg = Release|Any CPU
		{CDC98231-28F5-4E03-AB7F-A991E5FDB63D}.Release|x64.Build.0 = Release|Any CPU
		{CDC98231-28F5-4E03-AB7F-A991E5FDB63D}.Release|x86.ActiveCfg = Release|Any CPU
		{CDC98231-28F5-4E03-AB7F-A991E5FDB63D}.Release|x86.Build.0 = Release|Any CPU
		{B6F094B1-9E62-45FF-8CC5-DDEDE25FEA1E}.Debug|Any CPU.ActiveCfg = Debug|Any CPU
		{B6F094B1-9E62-45FF-8CC5-DDEDE25FEA1E}.Debug|Any CPU.Build.0 = Debug|Any CPU
		{B6F094B1-9E62-45FF-8CC5-DDEDE25FEA1E}.Debug|x64.ActiveCfg = Debug|Any CPU
		{B6F094B1-9E62-45FF-8CC5-DDEDE25FEA1E}.Debug|x64.Build.0 = Debug|Any CPU
		{B6F094B1-9E62-45FF-8CC5-DDEDE25FEA1E}.Debug|x86.ActiveCfg = Debug|Any CPU
		{B6F094B1-9E62-45FF-8CC5-DDEDE25FEA1E}.Debug|x86.Build.0 = Debug|Any CPU
		{B6F094B1-9E62-45FF-8CC5-DDEDE25FEA1E}.Release|Any CPU.ActiveCfg = Release|Any CPU
		{B6F094B1-9E62-45FF-8CC5-DDEDE25FEA1E}.Release|Any CPU.Build.0 = Release|Any CPU
		{B6F094B1-9E62-45FF-8CC5-DDEDE25FEA1E}.Release|x64.ActiveCfg = Release|Any CPU
		{B6F094B1-9E62-45FF-8CC5-DDEDE25FEA1E}.Release|x64.Build.0 = Release|Any CPU
		{B6F094B1-9E62-45FF-8CC5-DDEDE25FEA1E}.Release|x86.ActiveCfg = Release|Any CPU
		{B6F094B1-9E62-45FF-8CC5-DDEDE25FEA1E}.Release|x86.Build.0 = Release|Any CPU
		{6914A52D-E50C-4A8E-9D09-02771223B2C1}.Debug|Any CPU.ActiveCfg = Debug|Any CPU
		{6914A52D-E50C-4A8E-9D09-02771223B2C1}.Debug|Any CPU.Build.0 = Debug|Any CPU
		{6914A52D-E50C-4A8E-9D09-02771223B2C1}.Debug|x64.ActiveCfg = Debug|Any CPU
		{6914A52D-E50C-4A8E-9D09-02771223B2C1}.Debug|x64.Build.0 = Debug|Any CPU
		{6914A52D-E50C-4A8E-9D09-02771223B2C1}.Debug|x86.ActiveCfg = Debug|Any CPU
		{6914A52D-E50C-4A8E-9D09-02771223B2C1}.Debug|x86.Build.0 = Debug|Any CPU
		{6914A52D-E50C-4A8E-9D09-02771223B2C1}.Release|Any CPU.ActiveCfg = Release|Any CPU
		{6914A52D-E50C-4A8E-9D09-02771223B2C1}.Release|Any CPU.Build.0 = Release|Any CPU
		{6914A52D-E50C-4A8E-9D09-02771223B2C1}.Release|x64.ActiveCfg = Release|Any CPU
		{6914A52D-E50C-4A8E-9D09-02771223B2C1}.Release|x64.Build.0 = Release|Any CPU
		{6914A52D-E50C-4A8E-9D09-02771223B2C1}.Release|x86.ActiveCfg = Release|Any CPU
		{6914A52D-E50C-4A8E-9D09-02771223B2C1}.Release|x86.Build.0 = Release|Any CPU
		{413030BA-B4E3-4544-B12F-74D6F0B384EB}.Debug|Any CPU.ActiveCfg = Debug|Any CPU
		{413030BA-B4E3-4544-B12F-74D6F0B384EB}.Debug|Any CPU.Build.0 = Debug|Any CPU
		{413030BA-B4E3-4544-B12F-74D6F0B384EB}.Debug|x64.ActiveCfg = Debug|Any CPU
		{413030BA-B4E3-4544-B12F-74D6F0B384EB}.Debug|x64.Build.0 = Debug|Any CPU
		{413030BA-B4E3-4544-B12F-74D6F0B384EB}.Debug|x86.ActiveCfg = Debug|Any CPU
		{413030BA-B4E3-4544-B12F-74D6F0B384EB}.Debug|x86.Build.0 = Debug|Any CPU
		{413030BA-B4E3-4544-B12F-74D6F0B384EB}.Release|Any CPU.ActiveCfg = Release|Any CPU
		{413030BA-B4E3-4544-B12F-74D6F0B384EB}.Release|Any CPU.Build.0 = Release|Any CPU
		{413030BA-B4E3-4544-B12F-74D6F0B384EB}.Release|x64.ActiveCfg = Release|Any CPU
		{413030BA-B4E3-4544-B12F-74D6F0B384EB}.Release|x64.Build.0 = Release|Any CPU
		{413030BA-B4E3-4544-B12F-74D6F0B384EB}.Release|x86.ActiveCfg = Release|Any CPU
		{413030BA-B4E3-4544-B12F-74D6F0B384EB}.Release|x86.Build.0 = Release|Any CPU
		{8DE36967-3EFD-4E96-BF38-8219F06D18E3}.Debug|Any CPU.ActiveCfg = Debug|Any CPU
		{8DE36967-3EFD-4E96-BF38-8219F06D18E3}.Debug|Any CPU.Build.0 = Debug|Any CPU
		{8DE36967-3EFD-4E96-BF38-8219F06D18E3}.Debug|x64.ActiveCfg = Debug|Any CPU
		{8DE36967-3EFD-4E96-BF38-8219F06D18E3}.Debug|x64.Build.0 = Debug|Any CPU
		{8DE36967-3EFD-4E96-BF38-8219F06D18E3}.Debug|x86.ActiveCfg = Debug|Any CPU
		{8DE36967-3EFD-4E96-BF38-8219F06D18E3}.Debug|x86.Build.0 = Debug|Any CPU
		{8DE36967-3EFD-4E96-BF38-8219F06D18E3}.Release|Any CPU.ActiveCfg = Release|Any CPU
		{8DE36967-3EFD-4E96-BF38-8219F06D18E3}.Release|Any CPU.Build.0 = Release|Any CPU
		{8DE36967-3EFD-4E96-BF38-8219F06D18E3}.Release|x64.ActiveCfg = Release|Any CPU
		{8DE36967-3EFD-4E96-BF38-8219F06D18E3}.Release|x64.Build.0 = Release|Any CPU
		{8DE36967-3EFD-4E96-BF38-8219F06D18E3}.Release|x86.ActiveCfg = Release|Any CPU
		{8DE36967-3EFD-4E96-BF38-8219F06D18E3}.Release|x86.Build.0 = Release|Any CPU
		{E447EB65-87FE-4587-9BD4-D1ACE6E2C856}.Debug|Any CPU.ActiveCfg = Debug|Any CPU
		{E447EB65-87FE-4587-9BD4-D1ACE6E2C856}.Debug|Any CPU.Build.0 = Debug|Any CPU
		{E447EB65-87FE-4587-9BD4-D1ACE6E2C856}.Debug|x64.ActiveCfg = Debug|Any CPU
		{E447EB65-87FE-4587-9BD4-D1ACE6E2C856}.Debug|x64.Build.0 = Debug|Any CPU
		{E447EB65-87FE-4587-9BD4-D1ACE6E2C856}.Debug|x86.ActiveCfg = Debug|Any CPU
		{E447EB65-87FE-4587-9BD4-D1ACE6E2C856}.Debug|x86.Build.0 = Debug|Any CPU
		{E447EB65-87FE-4587-9BD4-D1ACE6E2C856}.Release|Any CPU.ActiveCfg = Release|Any CPU
		{E447EB65-87FE-4587-9BD4-D1ACE6E2C856}.Release|Any CPU.Build.0 = Release|Any CPU
		{E447EB65-87FE-4587-9BD4-D1ACE6E2C856}.Release|x64.ActiveCfg = Release|Any CPU
		{E447EB65-87FE-4587-9BD4-D1ACE6E2C856}.Release|x64.Build.0 = Release|Any CPU
		{E447EB65-87FE-4587-9BD4-D1ACE6E2C856}.Release|x86.ActiveCfg = Release|Any CPU
		{E447EB65-87FE-4587-9BD4-D1ACE6E2C856}.Release|x86.Build.0 = Release|Any CPU
		{C3309CD4-E3CE-44FF-85A7-B5811684AB6B}.Debug|Any CPU.ActiveCfg = Debug|Any CPU
		{C3309CD4-E3CE-44FF-85A7-B5811684AB6B}.Debug|Any CPU.Build.0 = Debug|Any CPU
		{C3309CD4-E3CE-44FF-85A7-B5811684AB6B}.Debug|x64.ActiveCfg = Debug|Any CPU
		{C3309CD4-E3CE-44FF-85A7-B5811684AB6B}.Debug|x64.Build.0 = Debug|Any CPU
		{C3309CD4-E3CE-44FF-85A7-B5811684AB6B}.Debug|x86.ActiveCfg = Debug|Any CPU
		{C3309CD4-E3CE-44FF-85A7-B5811684AB6B}.Debug|x86.Build.0 = Debug|Any CPU
		{C3309CD4-E3CE-44FF-85A7-B5811684AB6B}.Release|Any CPU.ActiveCfg = Release|Any CPU
		{C3309CD4-E3CE-44FF-85A7-B5811684AB6B}.Release|Any CPU.Build.0 = Release|Any CPU
		{C3309CD4-E3CE-44FF-85A7-B5811684AB6B}.Release|x64.ActiveCfg = Release|Any CPU
		{C3309CD4-E3CE-44FF-85A7-B5811684AB6B}.Release|x64.Build.0 = Release|Any CPU
		{C3309CD4-E3CE-44FF-85A7-B5811684AB6B}.Release|x86.ActiveCfg = Release|Any CPU
		{C3309CD4-E3CE-44FF-85A7-B5811684AB6B}.Release|x86.Build.0 = Release|Any CPU
		{7A7B4F97-7B0B-4D54-B22B-70ECBDEDAE62}.Debug|Any CPU.ActiveCfg = Debug|Any CPU
		{7A7B4F97-7B0B-4D54-B22B-70ECBDEDAE62}.Debug|Any CPU.Build.0 = Debug|Any CPU
		{7A7B4F97-7B0B-4D54-B22B-70ECBDEDAE62}.Debug|x64.ActiveCfg = Debug|Any CPU
		{7A7B4F97-7B0B-4D54-B22B-70ECBDEDAE62}.Debug|x64.Build.0 = Debug|Any CPU
		{7A7B4F97-7B0B-4D54-B22B-70ECBDEDAE62}.Debug|x86.ActiveCfg = Debug|Any CPU
		{7A7B4F97-7B0B-4D54-B22B-70ECBDEDAE62}.Debug|x86.Build.0 = Debug|Any CPU
		{7A7B4F97-7B0B-4D54-B22B-70ECBDEDAE62}.Release|Any CPU.ActiveCfg = Release|Any CPU
		{7A7B4F97-7B0B-4D54-B22B-70ECBDEDAE62}.Release|Any CPU.Build.0 = Release|Any CPU
		{7A7B4F97-7B0B-4D54-B22B-70ECBDEDAE62}.Release|x64.ActiveCfg = Release|Any CPU
		{7A7B4F97-7B0B-4D54-B22B-70ECBDEDAE62}.Release|x64.Build.0 = Release|Any CPU
		{7A7B4F97-7B0B-4D54-B22B-70ECBDEDAE62}.Release|x86.ActiveCfg = Release|Any CPU
		{7A7B4F97-7B0B-4D54-B22B-70ECBDEDAE62}.Release|x86.Build.0 = Release|Any CPU
		{27FFDB4B-F322-4C2C-9ECA-EE04239CDF12}.Debug|Any CPU.ActiveCfg = Debug|Any CPU
		{27FFDB4B-F322-4C2C-9ECA-EE04239CDF12}.Debug|Any CPU.Build.0 = Debug|Any CPU
		{27FFDB4B-F322-4C2C-9ECA-EE04239CDF12}.Debug|x64.ActiveCfg = Debug|Any CPU
		{27FFDB4B-F322-4C2C-9ECA-EE04239CDF12}.Debug|x64.Build.0 = Debug|Any CPU
		{27FFDB4B-F322-4C2C-9ECA-EE04239CDF12}.Debug|x86.ActiveCfg = Debug|Any CPU
		{27FFDB4B-F322-4C2C-9ECA-EE04239CDF12}.Debug|x86.Build.0 = Debug|Any CPU
		{27FFDB4B-F322-4C2C-9ECA-EE04239CDF12}.Release|Any CPU.ActiveCfg = Release|Any CPU
		{27FFDB4B-F322-4C2C-9ECA-EE04239CDF12}.Release|Any CPU.Build.0 = Release|Any CPU
		{27FFDB4B-F322-4C2C-9ECA-EE04239CDF12}.Release|x64.ActiveCfg = Release|Any CPU
		{27FFDB4B-F322-4C2C-9ECA-EE04239CDF12}.Release|x64.Build.0 = Release|Any CPU
		{27FFDB4B-F322-4C2C-9ECA-EE04239CDF12}.Release|x86.ActiveCfg = Release|Any CPU
		{27FFDB4B-F322-4C2C-9ECA-EE04239CDF12}.Release|x86.Build.0 = Release|Any CPU
	EndGlobalSection
	GlobalSection(SolutionProperties) = preSolution
		HideSolutionNode = FALSE
	EndGlobalSection
	GlobalSection(NestedProjects) = preSolution
		{5D5B29B5-5C3D-4E11-A516-104BB0C875C7} = {827E0CD3-B72D-47B6-A68D-7590B98EB39B}
		{62B145AE-8848-4C96-84EA-41C82D1FF6BB} = {0C88DD14-F956-CE84-757C-A364CCF449FC}
		{709AF872-6E69-4710-B9AB-B92FE838A0A7} = {827E0CD3-B72D-47B6-A68D-7590B98EB39B}
		{3BBB7FC8-C8AE-4C47-AB48-C7CEA0979F74} = {0C88DD14-F956-CE84-757C-A364CCF449FC}
		{F4E1E2CF-80AD-41C7-AA86-74164EDBA150} = {827E0CD3-B72D-47B6-A68D-7590B98EB39B}
		{CDC98231-28F5-4E03-AB7F-A991E5FDB63D} = {0C88DD14-F956-CE84-757C-A364CCF449FC}
		{B6F094B1-9E62-45FF-8CC5-DDEDE25FEA1E} = {827E0CD3-B72D-47B6-A68D-7590B98EB39B}
		{6914A52D-E50C-4A8E-9D09-02771223B2C1} = {0C88DD14-F956-CE84-757C-A364CCF449FC}
		{413030BA-B4E3-4544-B12F-74D6F0B384EB} = {827E0CD3-B72D-47B6-A68D-7590B98EB39B}
		{8DE36967-3EFD-4E96-BF38-8219F06D18E3} = {0C88DD14-F956-CE84-757C-A364CCF449FC}
		{E447EB65-87FE-4587-9BD4-D1ACE6E2C856} = {827E0CD3-B72D-47B6-A68D-7590B98EB39B}
		{C3309CD4-E3CE-44FF-85A7-B5811684AB6B} = {0C88DD14-F956-CE84-757C-A364CCF449FC}
		{7A7B4F97-7B0B-4D54-B22B-70ECBDEDAE62} = {827E0CD3-B72D-47B6-A68D-7590B98EB39B}
		{27FFDB4B-F322-4C2C-9ECA-EE04239CDF12} = {0C88DD14-F956-CE84-757C-A364CCF449FC}
	EndGlobalSection
EndGlobal
